
Microsoft Visual Studio Solution File, Format Version 12.00
# Visual Studio Version 16
VisualStudioVersion = 16.0.30804.86
MinimumVisualStudioVersion = 10.0.40219.1
Project("{2150E333-8FDC-42A3-9474-1A3956D46DE8}") = "API", "API", "{740B32FF-CD36-4388-BD66-BF4675C9F5BC}"
EndProject
Project("{2150E333-8FDC-42A3-9474-1A3956D46DE8}") = "1 - Services", "1 - Services", "{9D5BFCE7-0342-408D-9260-DDB450B5F851}"
EndProject
Project("{2150E333-8FDC-42A3-9474-1A3956D46DE8}") = "2 - Domain", "2 - Domain", "{CF2F4D12-1DD3-4EF3-BD64-543C1AA8C366}"
EndProject
Project("{2150E333-8FDC-42A3-9474-1A3956D46DE8}") = "3 - Infra", "3 - Infra", "{0F331189-A75A-4B4D-B67E-9EB3EF584A8D}"
EndProject
Project("{2150E333-8FDC-42A3-9474-1A3956D46DE8}") = "4 - Tests", "4 - Tests", "{2ED74761-2FD9-47E6-A601-CE580362A104}"
EndProject
Project("{9A19103F-16F7-4668-BE54-9A1E7A4F7556}") = "Coelsa.API", "Coelsa.API\Coelsa.API.csproj", "{F08F3A60-5D09-45B6-9C3D-DD7FB4E59307}"
EndProject
Project("{9A19103F-16F7-4668-BE54-9A1E7A4F7556}") = "Coelsa.Domain", "Coelsa.Domain\Coelsa.Domain.csproj", "{E0C4D592-8206-4CB2-BBAE-7F316EEF19FE}"
EndProject
Project("{9A19103F-16F7-4668-BE54-9A1E7A4F7556}") = "Coelsa.Infra.Data", "Coelsa.Infra.Data\Coelsa.Infra.Data.csproj", "{1303FD81-5D2C-46F1-8B0D-B54DB4712177}"
EndProject
Project("{FAE04EC0-301F-11D3-BF4B-00C04F79EFBC}") = "CoelsaTest", "CoelsaTest\CoelsaTest.csproj", "{4358918F-F150-4DF1-AC39-F9EAC2C851F8}"
EndProject
Global
	GlobalSection(SolutionConfigurationPlatforms) = preSolution
		Debug|Any CPU = Debug|Any CPU
		Release|Any CPU = Release|Any CPU
	EndGlobalSection
	GlobalSection(ProjectConfigurationPlatforms) = postSolution
		{F08F3A60-5D09-45B6-9C3D-DD7FB4E59307}.Debug|Any CPU.ActiveCfg = Debug|Any CPU
		{F08F3A60-5D09-45B6-9C3D-DD7FB4E59307}.Debug|Any CPU.Build.0 = Debug|Any CPU
		{F08F3A60-5D09-45B6-9C3D-DD7FB4E59307}.Release|Any CPU.ActiveCfg = Release|Any CPU
		{F08F3A60-5D09-45B6-9C3D-DD7FB4E59307}.Release|Any CPU.Build.0 = Release|Any CPU
		{E0C4D592-8206-4CB2-BBAE-7F316EEF19FE}.Debug|Any CPU.ActiveCfg = Debug|Any CPU
		{E0C4D592-8206-4CB2-BBAE-7F316EEF19FE}.Debug|Any CPU.Build.0 = Debug|Any CPU
		{E0C4D592-8206-4CB2-BBAE-7F316EEF19FE}.Release|Any CPU.ActiveCfg = Release|Any CPU
		{E0C4D592-8206-4CB2-BBAE-7F316EEF19FE}.Release|Any CPU.Build.0 = Release|Any CPU
		{1303FD81-5D2C-46F1-8B0D-B54DB4712177}.Debug|Any CPU.ActiveCfg = Debug|Any CPU
		{1303FD81-5D2C-46F1-8B0D-B54DB4712177}.Debug|Any CPU.Build.0 = Debug|Any CPU
		{1303FD81-5D2C-46F1-8B0D-B54DB4712177}.Release|Any CPU.ActiveCfg = Release|Any CPU
		{1303FD81-5D2C-46F1-8B0D-B54DB4712177}.Release|Any CPU.Build.0 = Release|Any CPU
		{4358918F-F150-4DF1-AC39-F9EAC2C851F8}.Debug|Any CPU.ActiveCfg = Debug|Any CPU
		{4358918F-F150-4DF1-AC39-F9EAC2C851F8}.Debug|Any CPU.Build.0 = Debug|Any CPU
		{4358918F-F150-4DF1-AC39-F9EAC2C851F8}.Release|Any CPU.ActiveCfg = Release|Any CPU
		{4358918F-F150-4DF1-AC39-F9EAC2C851F8}.Release|Any CPU.Build.0 = Release|Any CPU
	EndGlobalSection
	GlobalSection(SolutionProperties) = preSolution
		HideSolutionNode = FALSE
	EndGlobalSection
	GlobalSection(NestedProjects) = preSolution
		{9D5BFCE7-0342-408D-9260-DDB450B5F851} = {740B32FF-CD36-4388-BD66-BF4675C9F5BC}
		{CF2F4D12-1DD3-4EF3-BD64-543C1AA8C366} = {740B32FF-CD36-4388-BD66-BF4675C9F5BC}
		{0F331189-A75A-4B4D-B67E-9EB3EF584A8D} = {740B32FF-CD36-4388-BD66-BF4675C9F5BC}
		{2ED74761-2FD9-47E6-A601-CE580362A104} = {740B32FF-CD36-4388-BD66-BF4675C9F5BC}
		{F08F3A60-5D09-45B6-9C3D-DD7FB4E59307} = {9D5BFCE7-0342-408D-9260-DDB450B5F851}
		{E0C4D592-8206-4CB2-BBAE-7F316EEF19FE} = {CF2F4D12-1DD3-4EF3-BD64-543C1AA8C366}
		{1303FD81-5D2C-46F1-8B0D-B54DB4712177} = {0F331189-A75A-4B4D-B67E-9EB3EF584A8D}
		{4358918F-F150-4DF1-AC39-F9EAC2C851F8} = {2ED74761-2FD9-47E6-A601-CE580362A104}
	EndGlobalSection
	GlobalSection(ExtensibilityGlobals) = postSolution
		SolutionGuid = {8D02F4F8-EC61-4295-8B13-AFCE16BBBFE1}
	EndGlobalSection
EndGlobal
